// !$*UTF8*$!
{
	archiveVersion = 1;
	classes = {
	};
	objectVersion = 56;
	objects = {

/* Begin PBXBuildFile section */
		3736454729953D5F00A82E25 /* CustomDiaryModuleVC+Extension.swift in Sources */ = {isa = PBXBuildFile; fileRef = 3736454629953D5F00A82E25 /* CustomDiaryModuleVC+Extension.swift */; };
		3738D4EC2997F7E0006EB6C4 /* SingleNoteViewController.swift in Sources */ = {isa = PBXBuildFile; fileRef = 3738D4EB2997F7E0006EB6C4 /* SingleNoteViewController.swift */; };
		3738D4F0299803DE006EB6C4 /* LibraryCustomHeaderForCellReusableView.swift in Sources */ = {isa = PBXBuildFile; fileRef = 3738D4EF299803DE006EB6C4 /* LibraryCustomHeaderForCellReusableView.swift */; };
		3738D4F2299804F5006EB6C4 /* LibraryCustomInspirationCell.swift in Sources */ = {isa = PBXBuildFile; fileRef = 3738D4F1299804F5006EB6C4 /* LibraryCustomInspirationCell.swift */; };
		3738D4F529980523006EB6C4 /* LibraryCustomPopularCell.swift in Sources */ = {isa = PBXBuildFile; fileRef = 3738D4F429980523006EB6C4 /* LibraryCustomPopularCell.swift */; };
		3738D4F729980537006EB6C4 /* LibraryCustomNewCell.swift in Sources */ = {isa = PBXBuildFile; fileRef = 3738D4F629980537006EB6C4 /* LibraryCustomNewCell.swift */; };
		3738D4FA29980BBE006EB6C4 /* FetchedArticles.swift in Sources */ = {isa = PBXBuildFile; fileRef = 3738D4F929980BBE006EB6C4 /* FetchedArticles.swift */; };
		3738D4FC29980C45006EB6C4 /* NetworkClient.swift in Sources */ = {isa = PBXBuildFile; fileRef = 3738D4FB29980C45006EB6C4 /* NetworkClient.swift */; };
		3738D50029980EBB006EB6C4 /* ArticleFactory.swift in Sources */ = {isa = PBXBuildFile; fileRef = 3738D4FF29980EBB006EB6C4 /* ArticleFactory.swift */; };
		3738D50229980F0D006EB6C4 /* ArticleFactoryProtocol.swift in Sources */ = {isa = PBXBuildFile; fileRef = 3738D50129980F0D006EB6C4 /* ArticleFactoryProtocol.swift */; };
		3738D50429980F2F006EB6C4 /* ArticleFactoryDelegate.swift in Sources */ = {isa = PBXBuildFile; fileRef = 3738D50329980F2F006EB6C4 /* ArticleFactoryDelegate.swift */; };
		3738D50629980FB6006EB6C4 /* ArticlesLoader.swift in Sources */ = {isa = PBXBuildFile; fileRef = 3738D50529980FB6006EB6C4 /* ArticlesLoader.swift */; };
		3743631829939E41004FFB76 /* MoodImageView.swift in Sources */ = {isa = PBXBuildFile; fileRef = 3743631729939E41004FFB76 /* MoodImageView.swift */; };
		3743631A2993DAC2004FFB76 /* ReasonButtonModel.swift in Sources */ = {isa = PBXBuildFile; fileRef = 374363192993DAC2004FFB76 /* ReasonButtonModel.swift */; };
		3743631C2993E287004FFB76 /* ReasonCustomCollectionViewCell.swift in Sources */ = {isa = PBXBuildFile; fileRef = 3743631B2993E287004FFB76 /* ReasonCustomCollectionViewCell.swift */; };
		37CBE97729925175002F7E34 /* AppDelegate.swift in Sources */ = {isa = PBXBuildFile; fileRef = 37CBE97629925175002F7E34 /* AppDelegate.swift */; };
		37CBE97929925175002F7E34 /* SceneDelegate.swift in Sources */ = {isa = PBXBuildFile; fileRef = 37CBE97829925175002F7E34 /* SceneDelegate.swift */; };
		37CBE97B29925175002F7E34 /* LoginViewController.swift in Sources */ = {isa = PBXBuildFile; fileRef = 37CBE97A29925175002F7E34 /* LoginViewController.swift */; };
		37CBE98129925175002F7E34 /* MentalHealth.xcdatamodeld in Sources */ = {isa = PBXBuildFile; fileRef = 37CBE97F29925175002F7E34 /* MentalHealth.xcdatamodeld */; };
		37CBE98329925176002F7E34 /* Assets.xcassets in Resources */ = {isa = PBXBuildFile; fileRef = 37CBE98229925176002F7E34 /* Assets.xcassets */; };
		37CBE98F299252B2002F7E34 /* Color+Extension.swift in Sources */ = {isa = PBXBuildFile; fileRef = 37CBE98E299252B2002F7E34 /* Color+Extension.swift */; };
		37CBE991299252D2002F7E34 /* ReuseIdentifier+Extension.swift in Sources */ = {isa = PBXBuildFile; fileRef = 37CBE990299252D2002F7E34 /* ReuseIdentifier+Extension.swift */; };
		37CBE993299252F2002F7E34 /* Array+Extension.swift in Sources */ = {isa = PBXBuildFile; fileRef = 37CBE992299252F2002F7E34 /* Array+Extension.swift */; };
		37CBE99A299254F8002F7E34 /* KyivTypeSans-VarGX.ttf in Resources */ = {isa = PBXBuildFile; fileRef = 37CBE996299254F8002F7E34 /* KyivTypeSans-VarGX.ttf */; };
		37CBE99B299254F8002F7E34 /* Gruppo-Regular.ttf in Resources */ = {isa = PBXBuildFile; fileRef = 37CBE997299254F8002F7E34 /* Gruppo-Regular.ttf */; };
		37CBE99C299254F8002F7E34 /* Inter-Medium.otf in Resources */ = {isa = PBXBuildFile; fileRef = 37CBE998299254F8002F7E34 /* Inter-Medium.otf */; };
		37CBE99D299254F8002F7E34 /* Inter-Light.otf in Resources */ = {isa = PBXBuildFile; fileRef = 37CBE999299254F8002F7E34 /* Inter-Light.otf */; };
		37CBE9A129925BF0002F7E34 /* BottomActionButton.swift in Sources */ = {isa = PBXBuildFile; fileRef = 37CBE9A029925BF0002F7E34 /* BottomActionButton.swift */; };
		37CBE9A329925EB6002F7E34 /* CustomReasonButton.swift in Sources */ = {isa = PBXBuildFile; fileRef = 37CBE9A229925EB6002F7E34 /* CustomReasonButton.swift */; };
		37CBE9A5299261F4002F7E34 /* CustomFont.swift in Sources */ = {isa = PBXBuildFile; fileRef = 37CBE9A4299261F4002F7E34 /* CustomFont.swift */; };
		37CBE9A729927668002F7E34 /* GLSNECB.ttf in Resources */ = {isa = PBXBuildFile; fileRef = 37CBE9A629927668002F7E34 /* GLSNECB.ttf */; };
		37CBE9A9299279C9002F7E34 /* GillSans.ttf in Resources */ = {isa = PBXBuildFile; fileRef = 37CBE9A8299279C9002F7E34 /* GillSans.ttf */; };
		37CBE9AF29929508002F7E34 /* OAuth2tokenStorage.swift in Sources */ = {isa = PBXBuildFile; fileRef = 37CBE9AE29929508002F7E34 /* OAuth2tokenStorage.swift */; };
		37CBE9B12992951E002F7E34 /* OAuth2Service.swift in Sources */ = {isa = PBXBuildFile; fileRef = 37CBE9B02992951E002F7E34 /* OAuth2Service.swift */; };
		37CBE9B42992965C002F7E34 /* WebViewViewController.swift in Sources */ = {isa = PBXBuildFile; fileRef = 37CBE9B32992965C002F7E34 /* WebViewViewController.swift */; };
		37CBE9B629929673002F7E34 /* WebViewControllerDelegate.swift in Sources */ = {isa = PBXBuildFile; fileRef = 37CBE9B529929673002F7E34 /* WebViewControllerDelegate.swift */; };
		37CBE9B9299297BA002F7E34 /* Constants.swift in Sources */ = {isa = PBXBuildFile; fileRef = 37CBE9B8299297BA002F7E34 /* Constants.swift */; };
		37CBE9BB29929E12002F7E34 /* ProfileService.swift in Sources */ = {isa = PBXBuildFile; fileRef = 37CBE9BA29929E12002F7E34 /* ProfileService.swift */; };
		37CBE9BE29929E2C002F7E34 /* Profile.swift in Sources */ = {isa = PBXBuildFile; fileRef = 37CBE9BD29929E2C002F7E34 /* Profile.swift */; };
		37CBE9C029929EBA002F7E34 /* URL+Extension.swift in Sources */ = {isa = PBXBuildFile; fileRef = 37CBE9BF29929EBA002F7E34 /* URL+Extension.swift */; };
		37CBE9C22992A0DB002F7E34 /* OAuthResponseBody.swift in Sources */ = {isa = PBXBuildFile; fileRef = 37CBE9C12992A0DB002F7E34 /* OAuthResponseBody.swift */; };
		37CBE9C52992A1D2002F7E34 /* MainTabBarViewController.swift in Sources */ = {isa = PBXBuildFile; fileRef = 37CBE9C42992A1D2002F7E34 /* MainTabBarViewController.swift */; };
		37CBE9C72992A22C002F7E34 /* DiaryViewController.swift in Sources */ = {isa = PBXBuildFile; fileRef = 37CBE9C62992A22C002F7E34 /* DiaryViewController.swift */; };
		37CBE9C92992A260002F7E34 /* AnalyticsViewController.swift in Sources */ = {isa = PBXBuildFile; fileRef = 37CBE9C82992A260002F7E34 /* AnalyticsViewController.swift */; };
		37CBE9CB2992A269002F7E34 /* LibraryViewController.swift in Sources */ = {isa = PBXBuildFile; fileRef = 37CBE9CA2992A269002F7E34 /* LibraryViewController.swift */; };
		37CBE9CD2992A274002F7E34 /* ProfileViewController.swift in Sources */ = {isa = PBXBuildFile; fileRef = 37CBE9CC2992A274002F7E34 /* ProfileViewController.swift */; };
		37CBE9D02992A4FB002F7E34 /* SplashViewController.swift in Sources */ = {isa = PBXBuildFile; fileRef = 37CBE9CF2992A4FB002F7E34 /* SplashViewController.swift */; };
		37CBE9D32992A53C002F7E34 /* AlertPresenter.swift in Sources */ = {isa = PBXBuildFile; fileRef = 37CBE9D22992A53C002F7E34 /* AlertPresenter.swift */; };
		37CBE9D52992A54E002F7E34 /* AlertModel.swift in Sources */ = {isa = PBXBuildFile; fileRef = 37CBE9D42992A54E002F7E34 /* AlertModel.swift */; };
		37CBE9D72992A560002F7E34 /* AlertPresenterProtocol.swift in Sources */ = {isa = PBXBuildFile; fileRef = 37CBE9D62992A560002F7E34 /* AlertPresenterProtocol.swift */; };
		37CBE9D92992A571002F7E34 /* AlertPresenterDelegate.swift in Sources */ = {isa = PBXBuildFile; fileRef = 37CBE9D82992A571002F7E34 /* AlertPresenterDelegate.swift */; };
		37CBE9E22992B6EE002F7E34 /* DataUpdateModel.swift in Sources */ = {isa = PBXBuildFile; fileRef = 37CBE9E12992B6EE002F7E34 /* DataUpdateModel.swift */; };
		37CBE9E42992B760002F7E34 /* MoodPickerModel.swift in Sources */ = {isa = PBXBuildFile; fileRef = 37CBE9E32992B760002F7E34 /* MoodPickerModel.swift */; };
		37CBE9E62992B97B002F7E34 /* CustomDiaryTableViewCell.swift in Sources */ = {isa = PBXBuildFile; fileRef = 37CBE9E52992B97A002F7E34 /* CustomDiaryTableViewCell.swift */; };
		37CBE9E82992D4B3002F7E34 /* AddMoodViewController.swift in Sources */ = {isa = PBXBuildFile; fileRef = 37CBE9E72992D4B3002F7E34 /* AddMoodViewController.swift */; };
		37CBE9EA2992E078002F7E34 /* MoodBoardViewController.swift in Sources */ = {isa = PBXBuildFile; fileRef = 37CBE9E92992E078002F7E34 /* MoodBoardViewController.swift */; };
		37CBE9EF2992EEB9002F7E34 /* MoodNote+CoreDataClass.swift in Sources */ = {isa = PBXBuildFile; fileRef = 37CBE9ED2992EEB9002F7E34 /* MoodNote+CoreDataClass.swift */; };
		37CBE9F02992EEB9002F7E34 /* MoodNote+CoreDataProperties.swift in Sources */ = {isa = PBXBuildFile; fileRef = 37CBE9EE2992EEB9002F7E34 /* MoodNote+CoreDataProperties.swift */; };
/* End PBXBuildFile section */

/* Begin PBXFileReference section */
		3736454629953D5F00A82E25 /* CustomDiaryModuleVC+Extension.swift */ = {isa = PBXFileReference; lastKnownFileType = sourcecode.swift; path = "CustomDiaryModuleVC+Extension.swift"; sourceTree = "<group>"; };
		3738D4EB2997F7E0006EB6C4 /* SingleNoteViewController.swift */ = {isa = PBXFileReference; lastKnownFileType = sourcecode.swift; path = SingleNoteViewController.swift; sourceTree = "<group>"; };
		3738D4EF299803DE006EB6C4 /* LibraryCustomHeaderForCellReusableView.swift */ = {isa = PBXFileReference; lastKnownFileType = sourcecode.swift; path = LibraryCustomHeaderForCellReusableView.swift; sourceTree = "<group>"; };
		3738D4F1299804F5006EB6C4 /* LibraryCustomInspirationCell.swift */ = {isa = PBXFileReference; lastKnownFileType = sourcecode.swift; path = LibraryCustomInspirationCell.swift; sourceTree = "<group>"; };
		3738D4F429980523006EB6C4 /* LibraryCustomPopularCell.swift */ = {isa = PBXFileReference; lastKnownFileType = sourcecode.swift; path = LibraryCustomPopularCell.swift; sourceTree = "<group>"; };
		3738D4F629980537006EB6C4 /* LibraryCustomNewCell.swift */ = {isa = PBXFileReference; lastKnownFileType = sourcecode.swift; path = LibraryCustomNewCell.swift; sourceTree = "<group>"; };
		3738D4F929980BBE006EB6C4 /* FetchedArticles.swift */ = {isa = PBXFileReference; lastKnownFileType = sourcecode.swift; path = FetchedArticles.swift; sourceTree = "<group>"; };
		3738D4FB29980C45006EB6C4 /* NetworkClient.swift */ = {isa = PBXFileReference; lastKnownFileType = sourcecode.swift; path = NetworkClient.swift; sourceTree = "<group>"; };
		3738D4FF29980EBB006EB6C4 /* ArticleFactory.swift */ = {isa = PBXFileReference; lastKnownFileType = sourcecode.swift; path = ArticleFactory.swift; sourceTree = "<group>"; };
		3738D50129980F0D006EB6C4 /* ArticleFactoryProtocol.swift */ = {isa = PBXFileReference; lastKnownFileType = sourcecode.swift; path = ArticleFactoryProtocol.swift; sourceTree = "<group>"; };
		3738D50329980F2F006EB6C4 /* ArticleFactoryDelegate.swift */ = {isa = PBXFileReference; lastKnownFileType = sourcecode.swift; path = ArticleFactoryDelegate.swift; sourceTree = "<group>"; };
		3738D50529980FB6006EB6C4 /* ArticlesLoader.swift */ = {isa = PBXFileReference; lastKnownFileType = sourcecode.swift; path = ArticlesLoader.swift; sourceTree = "<group>"; };
		3743631729939E41004FFB76 /* MoodImageView.swift */ = {isa = PBXFileReference; lastKnownFileType = sourcecode.swift; path = MoodImageView.swift; sourceTree = "<group>"; };
		374363192993DAC2004FFB76 /* ReasonButtonModel.swift */ = {isa = PBXFileReference; lastKnownFileType = sourcecode.swift; path = ReasonButtonModel.swift; sourceTree = "<group>"; };
		3743631B2993E287004FFB76 /* ReasonCustomCollectionViewCell.swift */ = {isa = PBXFileReference; lastKnownFileType = sourcecode.swift; path = ReasonCustomCollectionViewCell.swift; sourceTree = "<group>"; };
		37CBE97329925175002F7E34 /* MentalHealth.app */ = {isa = PBXFileReference; explicitFileType = wrapper.application; includeInIndex = 0; path = MentalHealth.app; sourceTree = BUILT_PRODUCTS_DIR; };
		37CBE97629925175002F7E34 /* AppDelegate.swift */ = {isa = PBXFileReference; lastKnownFileType = sourcecode.swift; path = AppDelegate.swift; sourceTree = "<group>"; };
		37CBE97829925175002F7E34 /* SceneDelegate.swift */ = {isa = PBXFileReference; lastKnownFileType = sourcecode.swift; path = SceneDelegate.swift; sourceTree = "<group>"; };
		37CBE97A29925175002F7E34 /* LoginViewController.swift */ = {isa = PBXFileReference; lastKnownFileType = sourcecode.swift; path = LoginViewController.swift; sourceTree = "<group>"; };
		37CBE98029925175002F7E34 /* MentalHealth.xcdatamodel */ = {isa = PBXFileReference; lastKnownFileType = wrapper.xcdatamodel; path = MentalHealth.xcdatamodel; sourceTree = "<group>"; };
		37CBE98229925176002F7E34 /* Assets.xcassets */ = {isa = PBXFileReference; lastKnownFileType = folder.assetcatalog; path = Assets.xcassets; sourceTree = "<group>"; };
		37CBE98729925176002F7E34 /* Info.plist */ = {isa = PBXFileReference; lastKnownFileType = text.plist.xml; path = Info.plist; sourceTree = "<group>"; };
		37CBE98E299252B2002F7E34 /* Color+Extension.swift */ = {isa = PBXFileReference; lastKnownFileType = sourcecode.swift; path = "Color+Extension.swift"; sourceTree = "<group>"; };
		37CBE990299252D2002F7E34 /* ReuseIdentifier+Extension.swift */ = {isa = PBXFileReference; lastKnownFileType = sourcecode.swift; path = "ReuseIdentifier+Extension.swift"; sourceTree = "<group>"; };
		37CBE992299252F2002F7E34 /* Array+Extension.swift */ = {isa = PBXFileReference; lastKnownFileType = sourcecode.swift; path = "Array+Extension.swift"; sourceTree = "<group>"; };
		37CBE996299254F8002F7E34 /* KyivTypeSans-VarGX.ttf */ = {isa = PBXFileReference; lastKnownFileType = file; path = "KyivTypeSans-VarGX.ttf"; sourceTree = "<group>"; };
		37CBE997299254F8002F7E34 /* Gruppo-Regular.ttf */ = {isa = PBXFileReference; lastKnownFileType = file; path = "Gruppo-Regular.ttf"; sourceTree = "<group>"; };
		37CBE998299254F8002F7E34 /* Inter-Medium.otf */ = {isa = PBXFileReference; lastKnownFileType = file; path = "Inter-Medium.otf"; sourceTree = "<group>"; };
		37CBE999299254F8002F7E34 /* Inter-Light.otf */ = {isa = PBXFileReference; lastKnownFileType = file; path = "Inter-Light.otf"; sourceTree = "<group>"; };
		37CBE9A029925BF0002F7E34 /* BottomActionButton.swift */ = {isa = PBXFileReference; lastKnownFileType = sourcecode.swift; path = BottomActionButton.swift; sourceTree = "<group>"; };
		37CBE9A229925EB6002F7E34 /* CustomReasonButton.swift */ = {isa = PBXFileReference; lastKnownFileType = sourcecode.swift; path = CustomReasonButton.swift; sourceTree = "<group>"; };
		37CBE9A4299261F4002F7E34 /* CustomFont.swift */ = {isa = PBXFileReference; lastKnownFileType = sourcecode.swift; path = CustomFont.swift; sourceTree = "<group>"; };
		37CBE9A629927668002F7E34 /* GLSNECB.ttf */ = {isa = PBXFileReference; lastKnownFileType = file; path = GLSNECB.ttf; sourceTree = "<group>"; };
		37CBE9A8299279C9002F7E34 /* GillSans.ttf */ = {isa = PBXFileReference; lastKnownFileType = file; path = GillSans.ttf; sourceTree = "<group>"; };
		37CBE9AE29929508002F7E34 /* OAuth2tokenStorage.swift */ = {isa = PBXFileReference; lastKnownFileType = sourcecode.swift; path = OAuth2tokenStorage.swift; sourceTree = "<group>"; };
		37CBE9B02992951E002F7E34 /* OAuth2Service.swift */ = {isa = PBXFileReference; lastKnownFileType = sourcecode.swift; path = OAuth2Service.swift; sourceTree = "<group>"; };
		37CBE9B32992965C002F7E34 /* WebViewViewController.swift */ = {isa = PBXFileReference; lastKnownFileType = sourcecode.swift; path = WebViewViewController.swift; sourceTree = "<group>"; };
		37CBE9B529929673002F7E34 /* WebViewControllerDelegate.swift */ = {isa = PBXFileReference; lastKnownFileType = sourcecode.swift; path = WebViewControllerDelegate.swift; sourceTree = "<group>"; };
		37CBE9B8299297BA002F7E34 /* Constants.swift */ = {isa = PBXFileReference; lastKnownFileType = sourcecode.swift; path = Constants.swift; sourceTree = "<group>"; };
		37CBE9BA29929E12002F7E34 /* ProfileService.swift */ = {isa = PBXFileReference; lastKnownFileType = sourcecode.swift; path = ProfileService.swift; sourceTree = "<group>"; };
		37CBE9BD29929E2C002F7E34 /* Profile.swift */ = {isa = PBXFileReference; lastKnownFileType = sourcecode.swift; path = Profile.swift; sourceTree = "<group>"; };
		37CBE9BF29929EBA002F7E34 /* URL+Extension.swift */ = {isa = PBXFileReference; lastKnownFileType = sourcecode.swift; path = "URL+Extension.swift"; sourceTree = "<group>"; };
		37CBE9C12992A0DB002F7E34 /* OAuthResponseBody.swift */ = {isa = PBXFileReference; lastKnownFileType = sourcecode.swift; path = OAuthResponseBody.swift; sourceTree = "<group>"; };
		37CBE9C42992A1D2002F7E34 /* MainTabBarViewController.swift */ = {isa = PBXFileReference; lastKnownFileType = sourcecode.swift; path = MainTabBarViewController.swift; sourceTree = "<group>"; };
		37CBE9C62992A22C002F7E34 /* DiaryViewController.swift */ = {isa = PBXFileReference; lastKnownFileType = sourcecode.swift; path = DiaryViewController.swift; sourceTree = "<group>"; };
		37CBE9C82992A260002F7E34 /* AnalyticsViewController.swift */ = {isa = PBXFileReference; lastKnownFileType = sourcecode.swift; path = AnalyticsViewController.swift; sourceTree = "<group>"; };
		37CBE9CA2992A269002F7E34 /* LibraryViewController.swift */ = {isa = PBXFileReference; lastKnownFileType = sourcecode.swift; path = LibraryViewController.swift; sourceTree = "<group>"; };
		37CBE9CC2992A274002F7E34 /* ProfileViewController.swift */ = {isa = PBXFileReference; lastKnownFileType = sourcecode.swift; path = ProfileViewController.swift; sourceTree = "<group>"; };
		37CBE9CF2992A4FB002F7E34 /* SplashViewController.swift */ = {isa = PBXFileReference; lastKnownFileType = sourcecode.swift; path = SplashViewController.swift; sourceTree = "<group>"; };
		37CBE9D22992A53C002F7E34 /* AlertPresenter.swift */ = {isa = PBXFileReference; lastKnownFileType = sourcecode.swift; path = AlertPresenter.swift; sourceTree = "<group>"; };
		37CBE9D42992A54E002F7E34 /* AlertModel.swift */ = {isa = PBXFileReference; lastKnownFileType = sourcecode.swift; path = AlertModel.swift; sourceTree = "<group>"; };
		37CBE9D62992A560002F7E34 /* AlertPresenterProtocol.swift */ = {isa = PBXFileReference; lastKnownFileType = sourcecode.swift; path = AlertPresenterProtocol.swift; sourceTree = "<group>"; };
		37CBE9D82992A571002F7E34 /* AlertPresenterDelegate.swift */ = {isa = PBXFileReference; lastKnownFileType = sourcecode.swift; path = AlertPresenterDelegate.swift; sourceTree = "<group>"; };
		37CBE9E12992B6EE002F7E34 /* DataUpdateModel.swift */ = {isa = PBXFileReference; lastKnownFileType = sourcecode.swift; path = DataUpdateModel.swift; sourceTree = "<group>"; };
		37CBE9E32992B760002F7E34 /* MoodPickerModel.swift */ = {isa = PBXFileReference; lastKnownFileType = sourcecode.swift; path = MoodPickerModel.swift; sourceTree = "<group>"; };
		37CBE9E52992B97A002F7E34 /* CustomDiaryTableViewCell.swift */ = {isa = PBXFileReference; lastKnownFileType = sourcecode.swift; path = CustomDiaryTableViewCell.swift; sourceTree = "<group>"; };
		37CBE9E72992D4B3002F7E34 /* AddMoodViewController.swift */ = {isa = PBXFileReference; lastKnownFileType = sourcecode.swift; path = AddMoodViewController.swift; sourceTree = "<group>"; };
		37CBE9E92992E078002F7E34 /* MoodBoardViewController.swift */ = {isa = PBXFileReference; lastKnownFileType = sourcecode.swift; path = MoodBoardViewController.swift; sourceTree = "<group>"; };
		37CBE9ED2992EEB9002F7E34 /* MoodNote+CoreDataClass.swift */ = {isa = PBXFileReference; lastKnownFileType = sourcecode.swift; path = "MoodNote+CoreDataClass.swift"; sourceTree = "<group>"; };
		37CBE9EE2992EEB9002F7E34 /* MoodNote+CoreDataProperties.swift */ = {isa = PBXFileReference; lastKnownFileType = sourcecode.swift; path = "MoodNote+CoreDataProperties.swift"; sourceTree = "<group>"; };
/* End PBXFileReference section */

/* Begin PBXFrameworksBuildPhase section */
		37CBE97029925175002F7E34 /* Frameworks */ = {
			isa = PBXFrameworksBuildPhase;
			buildActionMask = 2147483647;
			files = (
			);
			runOnlyForDeploymentPostprocessing = 0;
		};
/* End PBXFrameworksBuildPhase section */

/* Begin PBXGroup section */
		3738D4ED29980397006EB6C4 /* AnalyticsModel */ = {
			isa = PBXGroup;
			children = (
				3738D4EE299803A7006EB6C4 /* Headers */,
				3738D4F329980503006EB6C4 /* CustomCells */,
				3738D4F829980BA5006EB6C4 /* Articles */,
			);
			path = AnalyticsModel;
			sourceTree = "<group>";
		};
		3738D4EE299803A7006EB6C4 /* Headers */ = {
			isa = PBXGroup;
			children = (
				3738D4EF299803DE006EB6C4 /* LibraryCustomHeaderForCellReusableView.swift */,
			);
			path = Headers;
			sourceTree = "<group>";
		};
		3738D4F329980503006EB6C4 /* CustomCells */ = {
			isa = PBXGroup;
			children = (
				3738D4F1299804F5006EB6C4 /* LibraryCustomInspirationCell.swift */,
				3738D4F429980523006EB6C4 /* LibraryCustomPopularCell.swift */,
				3738D4F629980537006EB6C4 /* LibraryCustomNewCell.swift */,
			);
			path = CustomCells;
			sourceTree = "<group>";
		};
		3738D4F829980BA5006EB6C4 /* Articles */ = {
			isa = PBXGroup;
			children = (
				3738D4F929980BBE006EB6C4 /* FetchedArticles.swift */,
			);
			path = Articles;
			sourceTree = "<group>";
		};
		3738D4FD29980DC0006EB6C4 /* Extensions */ = {
			isa = PBXGroup;
			children = (
				37CBE98E299252B2002F7E34 /* Color+Extension.swift */,
				37CBE992299252F2002F7E34 /* Array+Extension.swift */,
				37CBE9BF29929EBA002F7E34 /* URL+Extension.swift */,
				37CBE990299252D2002F7E34 /* ReuseIdentifier+Extension.swift */,
				3736454629953D5F00A82E25 /* CustomDiaryModuleVC+Extension.swift */,
			);
			path = Extensions;
			sourceTree = "<group>";
		};
		3738D4FE29980EAE006EB6C4 /* Factory */ = {
			isa = PBXGroup;
			children = (
				3738D4FF29980EBB006EB6C4 /* ArticleFactory.swift */,
				3738D50529980FB6006EB6C4 /* ArticlesLoader.swift */,
				3738D50129980F0D006EB6C4 /* ArticleFactoryProtocol.swift */,
				3738D50329980F2F006EB6C4 /* ArticleFactoryDelegate.swift */,
			);
			path = Factory;
			sourceTree = "<group>";
		};
		37CBE96A29925175002F7E34 = {
			isa = PBXGroup;
			children = (
				37CBE9ED2992EEB9002F7E34 /* MoodNote+CoreDataClass.swift */,
				37CBE9EE2992EEB9002F7E34 /* MoodNote+CoreDataProperties.swift */,
				37CBE97529925175002F7E34 /* MentalHealth */,
				37CBE97429925175002F7E34 /* Products */,
			);
			sourceTree = "<group>";
		};
		37CBE97429925175002F7E34 /* Products */ = {
			isa = PBXGroup;
			children = (
				37CBE97329925175002F7E34 /* MentalHealth.app */,
			);
			name = Products;
			sourceTree = "<group>";
		};
		37CBE97529925175002F7E34 /* MentalHealth */ = {
			isa = PBXGroup;
			children = (
				37CBE97629925175002F7E34 /* AppDelegate.swift */,
				37CBE97829925175002F7E34 /* SceneDelegate.swift */,
				37CBE9D12992A522002F7E34 /* AlertPresenter */,
				37CBE9AA29929314002F7E34 /* Modules */,
				37CBE99F29925699002F7E34 /* Models */,
				37CBE99E29925633002F7E34 /* Service */,
				37CBE994299254D2002F7E34 /* Resources */,
				37CBE98D299252A1002F7E34 /* Helpers */,
				37CBE98229925176002F7E34 /* Assets.xcassets */,
				37CBE98729925176002F7E34 /* Info.plist */,
				37CBE97F29925175002F7E34 /* MentalHealth.xcdatamodeld */,
			);
			path = MentalHealth;
			sourceTree = "<group>";
		};
		37CBE98D299252A1002F7E34 /* Helpers */ = {
			isa = PBXGroup;
			children = (
				3738D4FD29980DC0006EB6C4 /* Extensions */,
				37CBE9A029925BF0002F7E34 /* BottomActionButton.swift */,
				37CBE9A229925EB6002F7E34 /* CustomReasonButton.swift */,
				37CBE9A4299261F4002F7E34 /* CustomFont.swift */,
			);
			path = Helpers;
			sourceTree = "<group>";
		};
		37CBE994299254D2002F7E34 /* Resources */ = {
			isa = PBXGroup;
			children = (
				37CBE995299254DB002F7E34 /* Fonts */,
			);
			path = Resources;
			sourceTree = "<group>";
		};
		37CBE995299254DB002F7E34 /* Fonts */ = {
			isa = PBXGroup;
			children = (
				37CBE997299254F8002F7E34 /* Gruppo-Regular.ttf */,
				37CBE999299254F8002F7E34 /* Inter-Light.otf */,
				37CBE998299254F8002F7E34 /* Inter-Medium.otf */,
				37CBE996299254F8002F7E34 /* KyivTypeSans-VarGX.ttf */,
				37CBE9A629927668002F7E34 /* GLSNECB.ttf */,
				37CBE9A8299279C9002F7E34 /* GillSans.ttf */,
			);
			path = Fonts;
			sourceTree = "<group>";
		};
		37CBE99E29925633002F7E34 /* Service */ = {
			isa = PBXGroup;
			children = (
				3738D4FE29980EAE006EB6C4 /* Factory */,
			);
			path = Service;
			sourceTree = "<group>";
		};
		37CBE99F29925699002F7E34 /* Models */ = {
			isa = PBXGroup;
			children = (
				37CBE9B8299297BA002F7E34 /* Constants.swift */,
				3738D4FB29980C45006EB6C4 /* NetworkClient.swift */,
				37CBE9E02992B6A5002F7E34 /* DiaryModel */,
				3738D4ED29980397006EB6C4 /* AnalyticsModel */,
			);
			path = Models;
			sourceTree = "<group>";
		};
		37CBE9AA29929314002F7E34 /* Modules */ = {
			isa = PBXGroup;
			children = (
				37CBE9C32992A1A7002F7E34 /* TabBar */,
				37CBE9CE2992A4EA002F7E34 /* SplashScreen */,
				37CBE9AB2992931F002F7E34 /* Authorization */,
				37CBE9DA2992ABAC002F7E34 /* Diary */,
				37CBE9DB2992ABD8002F7E34 /* Analytics */,
				37CBE9DC2992ABE2002F7E34 /* Library */,
				37CBE9DD2992ABEB002F7E34 /* Profile */,
			);
			path = Modules;
			sourceTree = "<group>";
		};
		37CBE9AB2992931F002F7E34 /* Authorization */ = {
			isa = PBXGroup;
			children = (
				37CBE9BC29929E1D002F7E34 /* ProfileService */,
				37CBE9B7299297B0002F7E34 /* Model */,
				37CBE9B229929620002F7E34 /* AuthViewController */,
				37CBE9AD29929382002F7E34 /* NetworkClient */,
			);
			path = Authorization;
			sourceTree = "<group>";
		};
		37CBE9AD29929382002F7E34 /* NetworkClient */ = {
			isa = PBXGroup;
			children = (
				37CBE9AE29929508002F7E34 /* OAuth2tokenStorage.swift */,
				37CBE9B02992951E002F7E34 /* OAuth2Service.swift */,
			);
			path = NetworkClient;
			sourceTree = "<group>";
		};
		37CBE9B229929620002F7E34 /* AuthViewController */ = {
			isa = PBXGroup;
			children = (
				37CBE97A29925175002F7E34 /* LoginViewController.swift */,
				37CBE9B32992965C002F7E34 /* WebViewViewController.swift */,
				37CBE9B529929673002F7E34 /* WebViewControllerDelegate.swift */,
			);
			path = AuthViewController;
			sourceTree = "<group>";
		};
		37CBE9B7299297B0002F7E34 /* Model */ = {
			isa = PBXGroup;
			children = (
				37CBE9BD29929E2C002F7E34 /* Profile.swift */,
				37CBE9C12992A0DB002F7E34 /* OAuthResponseBody.swift */,
			);
			path = Model;
			sourceTree = "<group>";
		};
		37CBE9BC29929E1D002F7E34 /* ProfileService */ = {
			isa = PBXGroup;
			children = (
				37CBE9BA29929E12002F7E34 /* ProfileService.swift */,
			);
			path = ProfileService;
			sourceTree = "<group>";
		};
		37CBE9C32992A1A7002F7E34 /* TabBar */ = {
			isa = PBXGroup;
			children = (
				37CBE9C42992A1D2002F7E34 /* MainTabBarViewController.swift */,
			);
			path = TabBar;
			sourceTree = "<group>";
		};
		37CBE9CE2992A4EA002F7E34 /* SplashScreen */ = {
			isa = PBXGroup;
			children = (
				37CBE9CF2992A4FB002F7E34 /* SplashViewController.swift */,
			);
			path = SplashScreen;
			sourceTree = "<group>";
		};
		37CBE9D12992A522002F7E34 /* AlertPresenter */ = {
			isa = PBXGroup;
			children = (
				37CBE9D22992A53C002F7E34 /* AlertPresenter.swift */,
				37CBE9D42992A54E002F7E34 /* AlertModel.swift */,
				37CBE9D62992A560002F7E34 /* AlertPresenterProtocol.swift */,
				37CBE9D82992A571002F7E34 /* AlertPresenterDelegate.swift */,
			);
			path = AlertPresenter;
			sourceTree = "<group>";
		};
		37CBE9DA2992ABAC002F7E34 /* Diary */ = {
			isa = PBXGroup;
			children = (
				37CBE9DE2992B68E002F7E34 /* CustomCell */,
				37CBE9C62992A22C002F7E34 /* DiaryViewController.swift */,
				37CBE9E72992D4B3002F7E34 /* AddMoodViewController.swift */,
				37CBE9E92992E078002F7E34 /* MoodBoardViewController.swift */,
				3738D4EB2997F7E0006EB6C4 /* SingleNoteViewController.swift */,
			);
			path = Diary;
			sourceTree = "<group>";
		};
		37CBE9DB2992ABD8002F7E34 /* Analytics */ = {
			isa = PBXGroup;
			children = (
				37CBE9C82992A260002F7E34 /* AnalyticsViewController.swift */,
			);
			path = Analytics;
			sourceTree = "<group>";
		};
		37CBE9DC2992ABE2002F7E34 /* Library */ = {
			isa = PBXGroup;
			children = (
				37CBE9CA2992A269002F7E34 /* LibraryViewController.swift */,
			);
			path = Library;
			sourceTree = "<group>";
		};
		37CBE9DD2992ABEB002F7E34 /* Profile */ = {
			isa = PBXGroup;
			children = (
				37CBE9CC2992A274002F7E34 /* ProfileViewController.swift */,
			);
			path = Profile;
			sourceTree = "<group>";
		};
		37CBE9DE2992B68E002F7E34 /* CustomCell */ = {
			isa = PBXGroup;
			children = (
				37CBE9E52992B97A002F7E34 /* CustomDiaryTableViewCell.swift */,
				3743631B2993E287004FFB76 /* ReasonCustomCollectionViewCell.swift */,
			);
			path = CustomCell;
			sourceTree = "<group>";
		};
		37CBE9E02992B6A5002F7E34 /* DiaryModel */ = {
			isa = PBXGroup;
			children = (
				37CBE9E12992B6EE002F7E34 /* DataUpdateModel.swift */,
				37CBE9E32992B760002F7E34 /* MoodPickerModel.swift */,
				3743631729939E41004FFB76 /* MoodImageView.swift */,
				374363192993DAC2004FFB76 /* ReasonButtonModel.swift */,
			);
			path = DiaryModel;
			sourceTree = "<group>";
		};
/* End PBXGroup section */

/* Begin PBXNativeTarget section */
		37CBE97229925175002F7E34 /* MentalHealth */ = {
			isa = PBXNativeTarget;
			buildConfigurationList = 37CBE98A29925176002F7E34 /* Build configuration list for PBXNativeTarget "MentalHealth" */;
			buildPhases = (
				37CBE96F29925175002F7E34 /* Sources */,
				37CBE97029925175002F7E34 /* Frameworks */,
				37CBE97129925175002F7E34 /* Resources */,
			);
			buildRules = (
			);
			dependencies = (
			);
			name = MentalHealth;
			productName = MentalHealth;
			productReference = 37CBE97329925175002F7E34 /* MentalHealth.app */;
			productType = "com.apple.product-type.application";
		};
/* End PBXNativeTarget section */

/* Begin PBXProject section */
		37CBE96B29925175002F7E34 /* Project object */ = {
			isa = PBXProject;
			attributes = {
				BuildIndependentTargetsInParallel = 1;
				LastSwiftUpdateCheck = 1420;
				LastUpgradeCheck = 1420;
				TargetAttributes = {
					37CBE97229925175002F7E34 = {
						CreatedOnToolsVersion = 14.2;
					};
				};
			};
			buildConfigurationList = 37CBE96E29925175002F7E34 /* Build configuration list for PBXProject "MentalHealth" */;
			compatibilityVersion = "Xcode 14.0";
			developmentRegion = en;
			hasScannedForEncodings = 0;
			knownRegions = (
				en,
				Base,
			);
			mainGroup = 37CBE96A29925175002F7E34;
			productRefGroup = 37CBE97429925175002F7E34 /* Products */;
			projectDirPath = "";
			projectRoot = "";
			targets = (
				37CBE97229925175002F7E34 /* MentalHealth */,
			);
		};
/* End PBXProject section */

/* Begin PBXResourcesBuildPhase section */
		37CBE97129925175002F7E34 /* Resources */ = {
			isa = PBXResourcesBuildPhase;
			buildActionMask = 2147483647;
			files = (
				37CBE99D299254F8002F7E34 /* Inter-Light.otf in Resources */,
				37CBE98329925176002F7E34 /* Assets.xcassets in Resources */,
				37CBE99A299254F8002F7E34 /* KyivTypeSans-VarGX.ttf in Resources */,
				37CBE9A729927668002F7E34 /* GLSNECB.ttf in Resources */,
				37CBE99B299254F8002F7E34 /* Gruppo-Regular.ttf in Resources */,
				37CBE99C299254F8002F7E34 /* Inter-Medium.otf in Resources */,
				37CBE9A9299279C9002F7E34 /* GillSans.ttf in Resources */,
			);
			runOnlyForDeploymentPostprocessing = 0;
		};
/* End PBXResourcesBuildPhase section */

/* Begin PBXSourcesBuildPhase section */
		37CBE96F29925175002F7E34 /* Sources */ = {
			isa = PBXSourcesBuildPhase;
			buildActionMask = 2147483647;
			files = (
				3743631829939E41004FFB76 /* MoodImageView.swift in Sources */,
				3743631C2993E287004FFB76 /* ReasonCustomCollectionViewCell.swift in Sources */,
				3738D50629980FB6006EB6C4 /* ArticlesLoader.swift in Sources */,
				37CBE9CB2992A269002F7E34 /* LibraryViewController.swift in Sources */,
				3738D50229980F0D006EB6C4 /* ArticleFactoryProtocol.swift in Sources */,
				3738D4F0299803DE006EB6C4 /* LibraryCustomHeaderForCellReusableView.swift in Sources */,
				37CBE9BE29929E2C002F7E34 /* Profile.swift in Sources */,
				3738D4FC29980C45006EB6C4 /* NetworkClient.swift in Sources */,
				37CBE9A329925EB6002F7E34 /* CustomReasonButton.swift in Sources */,
				37CBE9AF29929508002F7E34 /* OAuth2tokenStorage.swift in Sources */,
				37CBE9B12992951E002F7E34 /* OAuth2Service.swift in Sources */,
				37CBE9D72992A560002F7E34 /* AlertPresenterProtocol.swift in Sources */,
				3738D4F2299804F5006EB6C4 /* LibraryCustomInspirationCell.swift in Sources */,
				3736454729953D5F00A82E25 /* CustomDiaryModuleVC+Extension.swift in Sources */,
				37CBE98129925175002F7E34 /* MentalHealth.xcdatamodeld in Sources */,
				37CBE9CD2992A274002F7E34 /* ProfileViewController.swift in Sources */,
				37CBE9D32992A53C002F7E34 /* AlertPresenter.swift in Sources */,
				37CBE9C52992A1D2002F7E34 /* MainTabBarViewController.swift in Sources */,
				3738D4F729980537006EB6C4 /* LibraryCustomNewCell.swift in Sources */,
				37CBE9C029929EBA002F7E34 /* URL+Extension.swift in Sources */,
				3738D4F529980523006EB6C4 /* LibraryCustomPopularCell.swift in Sources */,
				37CBE9EF2992EEB9002F7E34 /* MoodNote+CoreDataClass.swift in Sources */,
				37CBE9D02992A4FB002F7E34 /* SplashViewController.swift in Sources */,
				37CBE9D92992A571002F7E34 /* AlertPresenterDelegate.swift in Sources */,
				37CBE9C92992A260002F7E34 /* AnalyticsViewController.swift in Sources */,
				37CBE98F299252B2002F7E34 /* Color+Extension.swift in Sources */,
				37CBE9F02992EEB9002F7E34 /* MoodNote+CoreDataProperties.swift in Sources */,
				37CBE9B9299297BA002F7E34 /* Constants.swift in Sources */,
				37CBE9E62992B97B002F7E34 /* CustomDiaryTableViewCell.swift in Sources */,
				37CBE9E42992B760002F7E34 /* MoodPickerModel.swift in Sources */,
				37CBE9EA2992E078002F7E34 /* MoodBoardViewController.swift in Sources */,
				37CBE9A129925BF0002F7E34 /* BottomActionButton.swift in Sources */,
				37CBE9E82992D4B3002F7E34 /* AddMoodViewController.swift in Sources */,
				37CBE9C72992A22C002F7E34 /* DiaryViewController.swift in Sources */,
				37CBE9D52992A54E002F7E34 /* AlertModel.swift in Sources */,
				37CBE9B629929673002F7E34 /* WebViewControllerDelegate.swift in Sources */,
				37CBE97B29925175002F7E34 /* LoginViewController.swift in Sources */,
				37CBE9BB29929E12002F7E34 /* ProfileService.swift in Sources */,
				37CBE9E22992B6EE002F7E34 /* DataUpdateModel.swift in Sources */,
				37CBE9A5299261F4002F7E34 /* CustomFont.swift in Sources */,
				3743631A2993DAC2004FFB76 /* ReasonButtonModel.swift in Sources */,
				37CBE9B42992965C002F7E34 /* WebViewViewController.swift in Sources */,
				37CBE991299252D2002F7E34 /* ReuseIdentifier+Extension.swift in Sources */,
				37CBE993299252F2002F7E34 /* Array+Extension.swift in Sources */,
				37CBE97729925175002F7E34 /* AppDelegate.swift in Sources */,
				3738D50429980F2F006EB6C4 /* ArticleFactoryDelegate.swift in Sources */,
				3738D50029980EBB006EB6C4 /* ArticleFactory.swift in Sources */,
				3738D4FA29980BBE006EB6C4 /* FetchedArticles.swift in Sources */,
				37CBE97929925175002F7E34 /* SceneDelegate.swift in Sources */,
				37CBE9C22992A0DB002F7E34 /* OAuthResponseBody.swift in Sources */,
				3738D4EC2997F7E0006EB6C4 /* SingleNoteViewController.swift in Sources */,
			);
			runOnlyForDeploymentPostprocessing = 0;
		};
/* End PBXSourcesBuildPhase section */

/* Begin XCBuildConfiguration section */
		37CBE98829925176002F7E34 /* Debug */ = {
			isa = XCBuildConfiguration;
			buildSettings = {
				ALWAYS_SEARCH_USER_PATHS = NO;
				CLANG_ANALYZER_NONNULL = YES;
				CLANG_ANALYZER_NUMBER_OBJECT_CONVERSION = YES_AGGRESSIVE;
				CLANG_CXX_LANGUAGE_STANDARD = "gnu++20";
				CLANG_ENABLE_MODULES = YES;
				CLANG_ENABLE_OBJC_ARC = YES;
				CLANG_ENABLE_OBJC_WEAK = YES;
				CLANG_WARN_BLOCK_CAPTURE_AUTORELEASING = YES;
				CLANG_WARN_BOOL_CONVERSION = YES;
				CLANG_WARN_COMMA = YES;
				CLANG_WARN_CONSTANT_CONVERSION = YES;
				CLANG_WARN_DEPRECATED_OBJC_IMPLEMENTATIONS = YES;
				CLANG_WARN_DIRECT_OBJC_ISA_USAGE = YES_ERROR;
				CLANG_WARN_DOCUMENTATION_COMMENTS = YES;
				CLANG_WARN_EMPTY_BODY = YES;
				CLANG_WARN_ENUM_CONVERSION = YES;
				CLANG_WARN_INFINITE_RECURSION = YES;
				CLANG_WARN_INT_CONVERSION = YES;
				CLANG_WARN_NON_LITERAL_NULL_CONVERSION = YES;
				CLANG_WARN_OBJC_IMPLICIT_RETAIN_SELF = YES;
				CLANG_WARN_OBJC_LITERAL_CONVERSION = YES;
				CLANG_WARN_OBJC_ROOT_CLASS = YES_ERROR;
				CLANG_WARN_QUOTED_INCLUDE_IN_FRAMEWORK_HEADER = YES;
				CLANG_WARN_RANGE_LOOP_ANALYSIS = YES;
				CLANG_WARN_STRICT_PROTOTYPES = YES;
				CLANG_WARN_SUSPICIOUS_MOVE = YES;
				CLANG_WARN_UNGUARDED_AVAILABILITY = YES_AGGRESSIVE;
				CLANG_WARN_UNREACHABLE_CODE = YES;
				CLANG_WARN__DUPLICATE_METHOD_MATCH = YES;
				COPY_PHASE_STRIP = NO;
				DEBUG_INFORMATION_FORMAT = dwarf;
				ENABLE_STRICT_OBJC_MSGSEND = YES;
				ENABLE_TESTABILITY = YES;
				GCC_C_LANGUAGE_STANDARD = gnu11;
				GCC_DYNAMIC_NO_PIC = NO;
				GCC_NO_COMMON_BLOCKS = YES;
				GCC_OPTIMIZATION_LEVEL = 0;
				GCC_PREPROCESSOR_DEFINITIONS = (
					"DEBUG=1",
					"$(inherited)",
				);
				GCC_WARN_64_TO_32_BIT_CONVERSION = YES;
				GCC_WARN_ABOUT_RETURN_TYPE = YES_ERROR;
				GCC_WARN_UNDECLARED_SELECTOR = YES;
				GCC_WARN_UNINITIALIZED_AUTOS = YES_AGGRESSIVE;
				GCC_WARN_UNUSED_FUNCTION = YES;
				GCC_WARN_UNUSED_VARIABLE = YES;
				IPHONEOS_DEPLOYMENT_TARGET = 16.2;
				MTL_ENABLE_DEBUG_INFO = INCLUDE_SOURCE;
				MTL_FAST_MATH = YES;
				ONLY_ACTIVE_ARCH = YES;
				SDKROOT = iphoneos;
				SWIFT_ACTIVE_COMPILATION_CONDITIONS = DEBUG;
				SWIFT_OPTIMIZATION_LEVEL = "-Onone";
			};
			name = Debug;
		};
		37CBE98929925176002F7E34 /* Release */ = {
			isa = XCBuildConfiguration;
			buildSettings = {
				ALWAYS_SEARCH_USER_PATHS = NO;
				CLANG_ANALYZER_NONNULL = YES;
				CLANG_ANALYZER_NUMBER_OBJECT_CONVERSION = YES_AGGRESSIVE;
				CLANG_CXX_LANGUAGE_STANDARD = "gnu++20";
				CLANG_ENABLE_MODULES = YES;
				CLANG_ENABLE_OBJC_ARC = YES;
				CLANG_ENABLE_OBJC_WEAK = YES;
				CLANG_WARN_BLOCK_CAPTURE_AUTORELEASING = YES;
				CLANG_WARN_BOOL_CONVERSION = YES;
				CLANG_WARN_COMMA = YES;
				CLANG_WARN_CONSTANT_CONVERSION = YES;
				CLANG_WARN_DEPRECATED_OBJC_IMPLEMENTATIONS = YES;
				CLANG_WARN_DIRECT_OBJC_ISA_USAGE = YES_ERROR;
				CLANG_WARN_DOCUMENTATION_COMMENTS = YES;
				CLANG_WARN_EMPTY_BODY = YES;
				CLANG_WARN_ENUM_CONVERSION = YES;
				CLANG_WARN_INFINITE_RECURSION = YES;
				CLANG_WARN_INT_CONVERSION = YES;
				CLANG_WARN_NON_LITERAL_NULL_CONVERSION = YES;
				CLANG_WARN_OBJC_IMPLICIT_RETAIN_SELF = YES;
				CLANG_WARN_OBJC_LITERAL_CONVERSION = YES;
				CLANG_WARN_OBJC_ROOT_CLASS = YES_ERROR;
				CLANG_WARN_QUOTED_INCLUDE_IN_FRAMEWORK_HEADER = YES;
				CLANG_WARN_RANGE_LOOP_ANALYSIS = YES;
				CLANG_WARN_STRICT_PROTOTYPES = YES;
				CLANG_WARN_SUSPICIOUS_MOVE = YES;
				CLANG_WARN_UNGUARDED_AVAILABILITY = YES_AGGRESSIVE;
				CLANG_WARN_UNREACHABLE_CODE = YES;
				CLANG_WARN__DUPLICATE_METHOD_MATCH = YES;
				COPY_PHASE_STRIP = NO;
				DEBUG_INFORMATION_FORMAT = "dwarf-with-dsym";
				ENABLE_NS_ASSERTIONS = NO;
				ENABLE_STRICT_OBJC_MSGSEND = YES;
				GCC_C_LANGUAGE_STANDARD = gnu11;
				GCC_NO_COMMON_BLOCKS = YES;
				GCC_WARN_64_TO_32_BIT_CONVERSION = YES;
				GCC_WARN_ABOUT_RETURN_TYPE = YES_ERROR;
				GCC_WARN_UNDECLARED_SELECTOR = YES;
				GCC_WARN_UNINITIALIZED_AUTOS = YES_AGGRESSIVE;
				GCC_WARN_UNUSED_FUNCTION = YES;
				GCC_WARN_UNUSED_VARIABLE = YES;
				IPHONEOS_DEPLOYMENT_TARGET = 16.2;
				MTL_ENABLE_DEBUG_INFO = NO;
				MTL_FAST_MATH = YES;
				SDKROOT = iphoneos;
				SWIFT_COMPILATION_MODE = wholemodule;
				SWIFT_OPTIMIZATION_LEVEL = "-O";
				VALIDATE_PRODUCT = YES;
			};
			name = Release;
		};
		37CBE98B29925176002F7E34 /* Debug */ = {
			isa = XCBuildConfiguration;
			buildSettings = {
				ASSETCATALOG_COMPILER_APPICON_NAME = AppIcon;
				ASSETCATALOG_COMPILER_GLOBAL_ACCENT_COLOR_NAME = AccentColor;
				CODE_SIGN_STYLE = Automatic;
				CURRENT_PROJECT_VERSION = 1;
				DEVELOPMENT_TEAM = 2U4V96C2NN;
				GENERATE_INFOPLIST_FILE = YES;
				INFOPLIST_FILE = MentalHealth/Info.plist;
				INFOPLIST_KEY_UIApplicationSupportsIndirectInputEvents = YES;
				INFOPLIST_KEY_UILaunchStoryboardName = LaunchScreen;
				INFOPLIST_KEY_UISupportedInterfaceOrientations = UIInterfaceOrientationPortrait;
				INFOPLIST_KEY_UISupportedInterfaceOrientations_iPad = "UIInterfaceOrientationLandscapeLeft UIInterfaceOrientationLandscapeRight UIInterfaceOrientationPortrait UIInterfaceOrientationPortraitUpsideDown";
				IPHONEOS_DEPLOYMENT_TARGET = 13.0;
				LD_RUNPATH_SEARCH_PATHS = (
					"$(inherited)",
					"@executable_path/Frameworks",
				);
				MARKETING_VERSION = 1.0;
				PRODUCT_BUNDLE_IDENTIFIER = ru.aleksandreliseev.MentalHealth;
				PRODUCT_NAME = "$(TARGET_NAME)";
				SUPPORTED_PLATFORMS = "iphoneos iphonesimulator";
				SUPPORTS_MACCATALYST = NO;
				SUPPORTS_MAC_DESIGNED_FOR_IPHONE_IPAD = NO;
				SWIFT_EMIT_LOC_STRINGS = YES;
				SWIFT_VERSION = 5.0;
				TARGETED_DEVICE_FAMILY = 1;
			};
			name = Debug;
		};
		37CBE98C29925176002F7E34 /* Release */ = {
			isa = XCBuildConfiguration;
			buildSettings = {
				ASSETCATALOG_COMPILER_APPICON_NAME = AppIcon;
				ASSETCATALOG_COMPILER_GLOBAL_ACCENT_COLOR_NAME = AccentColor;
				CODE_SIGN_STYLE = Automatic;
				CURRENT_PROJECT_VERSION = 1;
				DEVELOPMENT_TEAM = 2U4V96C2NN;
				GENERATE_INFOPLIST_FILE = YES;
				INFOPLIST_FILE = MentalHealth/Info.plist;
				INFOPLIST_KEY_UIApplicationSupportsIndirectInputEvents = YES;
				INFOPLIST_KEY_UILaunchStoryboardName = LaunchScreen;
				INFOPLIST_KEY_UISupportedInterfaceOrientations = UIInterfaceOrientationPortrait;
				INFOPLIST_KEY_UISupportedInterfaceOrientations_iPad = "UIInterfaceOrientationLandscapeLeft UIInterfaceOrientationLandscapeRight UIInterfaceOrientationPortrait UIInterfaceOrientationPortraitUpsideDown";
				IPHONEOS_DEPLOYMENT_TARGET = 13.0;
				LD_RUNPATH_SEARCH_PATHS = (
					"$(inherited)",
					"@executable_path/Frameworks",
				);
				MARKETING_VERSION = 1.0;
				PRODUCT_BUNDLE_IDENTIFIER = ru.aleksandreliseev.MentalHealth;
				PRODUCT_NAME = "$(TARGET_NAME)";
				SUPPORTED_PLATFORMS = "iphoneos iphonesimulator";
				SUPPORTS_MACCATALYST = NO;
				SUPPORTS_MAC_DESIGNED_FOR_IPHONE_IPAD = NO;
				SWIFT_EMIT_LOC_STRINGS = YES;
				SWIFT_VERSION = 5.0;
				TARGETED_DEVICE_FAMILY = 1;
			};
			name = Release;
		};
/* End XCBuildConfiguration section */

/* Begin XCConfigurationList section */
		37CBE96E29925175002F7E34 /* Build configuration list for PBXProject "MentalHealth" */ = {
			isa = XCConfigurationList;
			buildConfigurations = (
				37CBE98829925176002F7E34 /* Debug */,
				37CBE98929925176002F7E34 /* Release */,
			);
			defaultConfigurationIsVisible = 0;
			defaultConfigurationName = Release;
		};
		37CBE98A29925176002F7E34 /* Build configuration list for PBXNativeTarget "MentalHealth" */ = {
			isa = XCConfigurationList;
			buildConfigurations = (
				37CBE98B29925176002F7E34 /* Debug */,
				37CBE98C29925176002F7E34 /* Release */,
			);
			defaultConfigurationIsVisible = 0;
			defaultConfigurationName = Release;
		};
/* End XCConfigurationList section */

/* Begin XCVersionGroup section */
		37CBE97F29925175002F7E34 /* MentalHealth.xcdatamodeld */ = {
			isa = XCVersionGroup;
			children = (
				37CBE98029925175002F7E34 /* MentalHealth.xcdatamodel */,
			);
			currentVersion = 37CBE98029925175002F7E34 /* MentalHealth.xcdatamodel */;
			path = MentalHealth.xcdatamodeld;
			sourceTree = "<group>";
			versionGroupType = wrapper.xcdatamodel;
		};
/* End XCVersionGroup section */
	};
	rootObject = 37CBE96B29925175002F7E34 /* Project object */;
}
